
Microsoft Visual Studio Solution File, Format Version 12.00
# Visual Studio Version 16
VisualStudioVersion = 16.0.31205.134
MinimumVisualStudioVersion = 10.0.40219.1
Project("{9A19103F-16F7-4668-BE54-9A1E7A4F7556}") = "Moduit.Interview", "Moduit.Interview\Moduit.Interview.csproj", "{D02A2E6C-58EE-4A34-9036-CEA40BE6E996}"
EndProject
Project("{FAE04EC0-301F-11D3-BF4B-00C04F79EFBC}") = "Moduit.Interview.Test", "Moduit.Interview.Test\Moduit.Interview.Test.csproj", "{E085BF2C-269B-4780-B919-2A2E93AE65BF}"
EndProject
Global
	GlobalSection(SolutionConfigurationPlatforms) = preSolution
		Debug|Any CPU = Debug|Any CPU
		Release|Any CPU = Release|Any CPU
	EndGlobalSection
	GlobalSection(ProjectConfigurationPlatforms) = postSolution
		{D02A2E6C-58EE-4A34-9036-CEA40BE6E996}.Debug|Any CPU.ActiveCfg = Debug|Any CPU
		{D02A2E6C-58EE-4A34-9036-CEA40BE6E996}.Debug|Any CPU.Build.0 = Debug|Any CPU
		{D02A2E6C-58EE-4A34-9036-CEA40BE6E996}.Release|Any CPU.ActiveCfg = Release|Any CPU
		{D02A2E6C-58EE-4A34-9036-CEA40BE6E996}.Release|Any CPU.Build.0 = Release|Any CPU
		{E085BF2C-269B-4780-B919-2A2E93AE65BF}.Debug|Any CPU.ActiveCfg = Debug|Any CPU
		{E085BF2C-269B-4780-B919-2A2E93AE65BF}.Debug|Any CPU.Build.0 = Debug|Any CPU
		{E085BF2C-269B-4780-B919-2A2E93AE65BF}.Release|Any CPU.ActiveCfg = Release|Any CPU
		{E085BF2C-269B-4780-B919-2A2E93AE65BF}.Release|Any CPU.Build.0 = Release|Any CPU
	EndGlobalSection
	GlobalSection(SolutionProperties) = preSolution
		HideSolutionNode = FALSE
	EndGlobalSection
	GlobalSection(ExtensibilityGlobals) = postSolution
		SolutionGuid = {7D087699-B14E-49C8-BD9E-1A73F3C0BC92}
	EndGlobalSection
EndGlobal
